// !$*UTF8*$!
{
	archiveVersion = 1;
	classes = {
	};
	objectVersion = 48;
	objects = {

/* Begin PBXBuildFile section */
		0F0E19F8201BD6F400FA43C6 /* ChangeProfileViewController.swift in Sources */ = {isa = PBXBuildFile; fileRef = 0F0E19F7201BD6F400FA43C6 /* ChangeProfileViewController.swift */; };
		0F581B8C2018554400794CF2 /* AccessFirebase.swift in Sources */ = {isa = PBXBuildFile; fileRef = 0F581B8B2018554400794CF2 /* AccessFirebase.swift */; };
		0F7692972019A43C0093F417 /* SettingVC.swift in Sources */ = {isa = PBXBuildFile; fileRef = 0F7692962019A43C0093F417 /* SettingVC.swift */; };
		4023E997201A9B3000905DFF /* TaskDetailsVC.swift in Sources */ = {isa = PBXBuildFile; fileRef = 4023E996201A9B3000905DFF /* TaskDetailsVC.swift */; };
		405D52C220184EA300A70E16 /* AppDelegate.swift in Sources */ = {isa = PBXBuildFile; fileRef = 405D52C120184EA300A70E16 /* AppDelegate.swift */; };
		405D52C720184EA300A70E16 /* Main.storyboard in Resources */ = {isa = PBXBuildFile; fileRef = 405D52C520184EA300A70E16 /* Main.storyboard */; };
		405D52C920184EA300A70E16 /* Assets.xcassets in Resources */ = {isa = PBXBuildFile; fileRef = 405D52C820184EA300A70E16 /* Assets.xcassets */; };
		405D52CC20184EA300A70E16 /* LaunchScreen.storyboard in Resources */ = {isa = PBXBuildFile; fileRef = 405D52CA20184EA300A70E16 /* LaunchScreen.storyboard */; };
		405D52D720184EA300A70E16 /* ProMateTests.swift in Sources */ = {isa = PBXBuildFile; fileRef = 405D52D620184EA300A70E16 /* ProMateTests.swift */; };
		405D52E220184EA300A70E16 /* ProMateUITests.swift in Sources */ = {isa = PBXBuildFile; fileRef = 405D52E120184EA300A70E16 /* ProMateUITests.swift */; };
		405D52F520184FBE00A70E16 /* SignupVC.swift in Sources */ = {isa = PBXBuildFile; fileRef = 405D52F220184FBD00A70E16 /* SignupVC.swift */; };
		405D52F620184FBE00A70E16 /* HomeVC.swift in Sources */ = {isa = PBXBuildFile; fileRef = 405D52F320184FBD00A70E16 /* HomeVC.swift */; };
		405D52F720184FBE00A70E16 /* LoginVC.swift in Sources */ = {isa = PBXBuildFile; fileRef = 405D52F420184FBE00A70E16 /* LoginVC.swift */; };
		405D52F920184FDC00A70E16 /* User.swift in Sources */ = {isa = PBXBuildFile; fileRef = 405D52F820184FDC00A70E16 /* User.swift */; };
		405D52FB20184FE700A70E16 /* Helper.swift in Sources */ = {isa = PBXBuildFile; fileRef = 405D52FA20184FE700A70E16 /* Helper.swift */; };
		405D52FD2018577D00A70E16 /* GoogleService-Info.plist in Resources */ = {isa = PBXBuildFile; fileRef = 405D52FC2018577D00A70E16 /* GoogleService-Info.plist */; };
		40AD759E2019476D009EB321 /* VCCells.swift in Sources */ = {isa = PBXBuildFile; fileRef = 40AD759D2019476D009EB321 /* VCCells.swift */; };
		40AD75A220197076009EB321 /* Project.swift in Sources */ = {isa = PBXBuildFile; fileRef = 40AD75A120197076009EB321 /* Project.swift */; };
		40AD75A420197081009EB321 /* Task.swift in Sources */ = {isa = PBXBuildFile; fileRef = 40AD75A320197081009EB321 /* Task.swift */; };
		40AD75A820198B58009EB321 /* TaskVC.swift in Sources */ = {isa = PBXBuildFile; fileRef = 40AD75A720198B58009EB321 /* TaskVC.swift */; };
		40AD75AC2019905E009EB321 /* AddTaskVC.swift in Sources */ = {isa = PBXBuildFile; fileRef = 40AD75AB2019905E009EB321 /* AddTaskVC.swift */; };
		40AD75AE20199186009EB321 /* AllUsersVC.swift in Sources */ = {isa = PBXBuildFile; fileRef = 40AD75AD20199186009EB321 /* AllUsersVC.swift */; };
		9201671D37138B034A818703 /* Pods_ProMateTests.framework in Frameworks */ = {isa = PBXBuildFile; fileRef = 7D27F7D7134E0D5D0F33BC0B /* Pods_ProMateTests.framework */; };
		AEBCC84DCFFAC4C89197EE35 /* Pods_ProMate.framework in Frameworks */ = {isa = PBXBuildFile; fileRef = 29EAF257ABA9241DC4EB9AAA /* Pods_ProMate.framework */; };
		AFB3054ED8C0108F39CB1060 /* Pods_ProMateUITests.framework in Frameworks */ = {isa = PBXBuildFile; fileRef = 0D87D65791FC54EB5B9189C8 /* Pods_ProMateUITests.framework */; };
/* End PBXBuildFile section */

/* Begin PBXContainerItemProxy section */
		405D52D320184EA300A70E16 /* PBXContainerItemProxy */ = {
			isa = PBXContainerItemProxy;
			containerPortal = 405D52B620184EA300A70E16 /* Project object */;
			proxyType = 1;
			remoteGlobalIDString = 405D52BD20184EA300A70E16;
			remoteInfo = ProMate;
		};
		405D52DE20184EA300A70E16 /* PBXContainerItemProxy */ = {
			isa = PBXContainerItemProxy;
			containerPortal = 405D52B620184EA300A70E16 /* Project object */;
			proxyType = 1;
			remoteGlobalIDString = 405D52BD20184EA300A70E16;
			remoteInfo = ProMate;
		};
/* End PBXContainerItemProxy section */

/* Begin PBXFileReference section */
		0D87D65791FC54EB5B9189C8 /* Pods_ProMateUITests.framework */ = {isa = PBXFileReference; explicitFileType = wrapper.framework; includeInIndex = 0; path = Pods_ProMateUITests.framework; sourceTree = BUILT_PRODUCTS_DIR; };
		0F0E19F7201BD6F400FA43C6 /* ChangeProfileViewController.swift */ = {isa = PBXFileReference; lastKnownFileType = sourcecode.swift; path = ChangeProfileViewController.swift; sourceTree = "<group>"; };
		0F581B8B2018554400794CF2 /* AccessFirebase.swift */ = {isa = PBXFileReference; lastKnownFileType = sourcecode.swift; path = AccessFirebase.swift; sourceTree = "<group>"; };
		0F7692962019A43C0093F417 /* SettingVC.swift */ = {isa = PBXFileReference; lastKnownFileType = sourcecode.swift; path = SettingVC.swift; sourceTree = "<group>"; };
		209E69D4F35E718F71F76517 /* Pods-ProMateTests.release.xcconfig */ = {isa = PBXFileReference; includeInIndex = 1; lastKnownFileType = text.xcconfig; name = "Pods-ProMateTests.release.xcconfig"; path = "Pods/Target Support Files/Pods-ProMateTests/Pods-ProMateTests.release.xcconfig"; sourceTree = "<group>"; };
		29EAF257ABA9241DC4EB9AAA /* Pods_ProMate.framework */ = {isa = PBXFileReference; explicitFileType = wrapper.framework; includeInIndex = 0; path = Pods_ProMate.framework; sourceTree = BUILT_PRODUCTS_DIR; };
		3DDF861AE81C8FD308E1D3D6 /* Pods-ProMate.debug.xcconfig */ = {isa = PBXFileReference; includeInIndex = 1; lastKnownFileType = text.xcconfig; name = "Pods-ProMate.debug.xcconfig"; path = "Pods/Target Support Files/Pods-ProMate/Pods-ProMate.debug.xcconfig"; sourceTree = "<group>"; };
		4023E996201A9B3000905DFF /* TaskDetailsVC.swift */ = {isa = PBXFileReference; lastKnownFileType = sourcecode.swift; path = TaskDetailsVC.swift; sourceTree = "<group>"; };
		405D52BE20184EA300A70E16 /* ProMate.app */ = {isa = PBXFileReference; explicitFileType = wrapper.application; includeInIndex = 0; path = ProMate.app; sourceTree = BUILT_PRODUCTS_DIR; };
		405D52C120184EA300A70E16 /* AppDelegate.swift */ = {isa = PBXFileReference; lastKnownFileType = sourcecode.swift; path = AppDelegate.swift; sourceTree = "<group>"; };
		405D52C620184EA300A70E16 /* Base */ = {isa = PBXFileReference; lastKnownFileType = file.storyboard; name = Base; path = Base.lproj/Main.storyboard; sourceTree = "<group>"; };
		405D52C820184EA300A70E16 /* Assets.xcassets */ = {isa = PBXFileReference; lastKnownFileType = folder.assetcatalog; path = Assets.xcassets; sourceTree = "<group>"; };
		405D52CB20184EA300A70E16 /* Base */ = {isa = PBXFileReference; lastKnownFileType = file.storyboard; name = Base; path = Base.lproj/LaunchScreen.storyboard; sourceTree = "<group>"; };
		405D52CD20184EA300A70E16 /* Info.plist */ = {isa = PBXFileReference; lastKnownFileType = text.plist.xml; path = Info.plist; sourceTree = "<group>"; };
		405D52D220184EA300A70E16 /* ProMateTests.xctest */ = {isa = PBXFileReference; explicitFileType = wrapper.cfbundle; includeInIndex = 0; path = ProMateTests.xctest; sourceTree = BUILT_PRODUCTS_DIR; };
		405D52D620184EA300A70E16 /* ProMateTests.swift */ = {isa = PBXFileReference; lastKnownFileType = sourcecode.swift; path = ProMateTests.swift; sourceTree = "<group>"; };
		405D52D820184EA300A70E16 /* Info.plist */ = {isa = PBXFileReference; lastKnownFileType = text.plist.xml; path = Info.plist; sourceTree = "<group>"; };
		405D52DD20184EA300A70E16 /* ProMateUITests.xctest */ = {isa = PBXFileReference; explicitFileType = wrapper.cfbundle; includeInIndex = 0; path = ProMateUITests.xctest; sourceTree = BUILT_PRODUCTS_DIR; };
		405D52E120184EA300A70E16 /* ProMateUITests.swift */ = {isa = PBXFileReference; lastKnownFileType = sourcecode.swift; path = ProMateUITests.swift; sourceTree = "<group>"; };
		405D52E320184EA300A70E16 /* Info.plist */ = {isa = PBXFileReference; lastKnownFileType = text.plist.xml; path = Info.plist; sourceTree = "<group>"; };
		405D52F220184FBD00A70E16 /* SignupVC.swift */ = {isa = PBXFileReference; fileEncoding = 4; lastKnownFileType = sourcecode.swift; path = SignupVC.swift; sourceTree = "<group>"; };
		405D52F320184FBD00A70E16 /* HomeVC.swift */ = {isa = PBXFileReference; fileEncoding = 4; lastKnownFileType = sourcecode.swift; path = HomeVC.swift; sourceTree = "<group>"; };
		405D52F420184FBE00A70E16 /* LoginVC.swift */ = {isa = PBXFileReference; fileEncoding = 4; lastKnownFileType = sourcecode.swift; path = LoginVC.swift; sourceTree = "<group>"; };
		405D52F820184FDC00A70E16 /* User.swift */ = {isa = PBXFileReference; fileEncoding = 4; lastKnownFileType = sourcecode.swift; path = User.swift; sourceTree = "<group>"; };
		405D52FA20184FE700A70E16 /* Helper.swift */ = {isa = PBXFileReference; fileEncoding = 4; lastKnownFileType = sourcecode.swift; path = Helper.swift; sourceTree = "<group>"; };
		405D52FC2018577D00A70E16 /* GoogleService-Info.plist */ = {isa = PBXFileReference; fileEncoding = 4; lastKnownFileType = text.plist.xml; path = "GoogleService-Info.plist"; sourceTree = "<group>"; };
		40AD759D2019476D009EB321 /* VCCells.swift */ = {isa = PBXFileReference; lastKnownFileType = sourcecode.swift; path = VCCells.swift; sourceTree = "<group>"; };
		40AD75A120197076009EB321 /* Project.swift */ = {isa = PBXFileReference; lastKnownFileType = sourcecode.swift; path = Project.swift; sourceTree = "<group>"; };
		40AD75A320197081009EB321 /* Task.swift */ = {isa = PBXFileReference; lastKnownFileType = sourcecode.swift; path = Task.swift; sourceTree = "<group>"; };
		40AD75A720198B58009EB321 /* TaskVC.swift */ = {isa = PBXFileReference; lastKnownFileType = sourcecode.swift; path = TaskVC.swift; sourceTree = "<group>"; };
		40AD75AB2019905E009EB321 /* AddTaskVC.swift */ = {isa = PBXFileReference; lastKnownFileType = sourcecode.swift; path = AddTaskVC.swift; sourceTree = "<group>"; };
		40AD75AD20199186009EB321 /* AllUsersVC.swift */ = {isa = PBXFileReference; lastKnownFileType = sourcecode.swift; path = AllUsersVC.swift; sourceTree = "<group>"; };
		7D27F7D7134E0D5D0F33BC0B /* Pods_ProMateTests.framework */ = {isa = PBXFileReference; explicitFileType = wrapper.framework; includeInIndex = 0; path = Pods_ProMateTests.framework; sourceTree = BUILT_PRODUCTS_DIR; };
		91F50134E336B2A279F9D93B /* Pods-ProMateUITests.release.xcconfig */ = {isa = PBXFileReference; includeInIndex = 1; lastKnownFileType = text.xcconfig; name = "Pods-ProMateUITests.release.xcconfig"; path = "Pods/Target Support Files/Pods-ProMateUITests/Pods-ProMateUITests.release.xcconfig"; sourceTree = "<group>"; };
		9EE909901BD23A17ACAFB91E /* Pods-ProMate.release.xcconfig */ = {isa = PBXFileReference; includeInIndex = 1; lastKnownFileType = text.xcconfig; name = "Pods-ProMate.release.xcconfig"; path = "Pods/Target Support Files/Pods-ProMate/Pods-ProMate.release.xcconfig"; sourceTree = "<group>"; };
		ABBFB23A94EC653913EEBDCA /* Pods-ProMateTests.debug.xcconfig */ = {isa = PBXFileReference; includeInIndex = 1; lastKnownFileType = text.xcconfig; name = "Pods-ProMateTests.debug.xcconfig"; path = "Pods/Target Support Files/Pods-ProMateTests/Pods-ProMateTests.debug.xcconfig"; sourceTree = "<group>"; };
		D318FF59C7C9B39F40BA3DA8 /* Pods-ProMateUITests.debug.xcconfig */ = {isa = PBXFileReference; includeInIndex = 1; lastKnownFileType = text.xcconfig; name = "Pods-ProMateUITests.debug.xcconfig"; path = "Pods/Target Support Files/Pods-ProMateUITests/Pods-ProMateUITests.debug.xcconfig"; sourceTree = "<group>"; };
/* End PBXFileReference section */

/* Begin PBXFrameworksBuildPhase section */
		405D52BB20184EA300A70E16 /* Frameworks */ = {
			isa = PBXFrameworksBuildPhase;
			buildActionMask = 2147483647;
			files = (
				AEBCC84DCFFAC4C89197EE35 /* Pods_ProMate.framework in Frameworks */,
			);
			runOnlyForDeploymentPostprocessing = 0;
		};
		405D52CF20184EA300A70E16 /* Frameworks */ = {
			isa = PBXFrameworksBuildPhase;
			buildActionMask = 2147483647;
			files = (
				9201671D37138B034A818703 /* Pods_ProMateTests.framework in Frameworks */,
			);
			runOnlyForDeploymentPostprocessing = 0;
		};
		405D52DA20184EA300A70E16 /* Frameworks */ = {
			isa = PBXFrameworksBuildPhase;
			buildActionMask = 2147483647;
			files = (
				AFB3054ED8C0108F39CB1060 /* Pods_ProMateUITests.framework in Frameworks */,
			);
			runOnlyForDeploymentPostprocessing = 0;
		};
/* End PBXFrameworksBuildPhase section */

/* Begin PBXGroup section */
		301F3220D1D46E5EA90F77F3 /* Frameworks */ = {
			isa = PBXGroup;
			children = (
				29EAF257ABA9241DC4EB9AAA /* Pods_ProMate.framework */,
				7D27F7D7134E0D5D0F33BC0B /* Pods_ProMateTests.framework */,
				0D87D65791FC54EB5B9189C8 /* Pods_ProMateUITests.framework */,
			);
			name = Frameworks;
			sourceTree = "<group>";
		};
		405D52B520184EA300A70E16 = {
			isa = PBXGroup;
			children = (
				405D52C020184EA300A70E16 /* ProMate */,
				405D52D520184EA300A70E16 /* ProMateTests */,
				405D52E020184EA300A70E16 /* ProMateUITests */,
				405D52BF20184EA300A70E16 /* Products */,
				845AA5661414091917376B57 /* Pods */,
				301F3220D1D46E5EA90F77F3 /* Frameworks */,
			);
			sourceTree = "<group>";
		};
		405D52BF20184EA300A70E16 /* Products */ = {
			isa = PBXGroup;
			children = (
				405D52BE20184EA300A70E16 /* ProMate.app */,
				405D52D220184EA300A70E16 /* ProMateTests.xctest */,
				405D52DD20184EA300A70E16 /* ProMateUITests.xctest */,
			);
			name = Products;
			sourceTree = "<group>";
		};
		405D52C020184EA300A70E16 /* ProMate */ = {
			isa = PBXGroup;
			children = (
				405D52C120184EA300A70E16 /* AppDelegate.swift */,
				405D52C520184EA300A70E16 /* Main.storyboard */,
				405D52EF20184F8F00A70E16 /* View Controllers */,
				405D52F020184F9B00A70E16 /* Model */,
				405D52F120184FA000A70E16 /* Helper */,
				405D52C820184EA300A70E16 /* Assets.xcassets */,
				405D52CA20184EA300A70E16 /* LaunchScreen.storyboard */,
				405D52CD20184EA300A70E16 /* Info.plist */,
				405D52FC2018577D00A70E16 /* GoogleService-Info.plist */,
			);
			path = ProMate;
			sourceTree = "<group>";
		};
		405D52D520184EA300A70E16 /* ProMateTests */ = {
			isa = PBXGroup;
			children = (
				405D52D620184EA300A70E16 /* ProMateTests.swift */,
				405D52D820184EA300A70E16 /* Info.plist */,
			);
			path = ProMateTests;
			sourceTree = "<group>";
		};
		405D52E020184EA300A70E16 /* ProMateUITests */ = {
			isa = PBXGroup;
			children = (
				405D52E120184EA300A70E16 /* ProMateUITests.swift */,
				405D52E320184EA300A70E16 /* Info.plist */,
			);
			path = ProMateUITests;
			sourceTree = "<group>";
		};
		405D52EF20184F8F00A70E16 /* View Controllers */ = {
			isa = PBXGroup;
			children = (
				405D52F420184FBE00A70E16 /* LoginVC.swift */,
				405D52F220184FBD00A70E16 /* SignupVC.swift */,
				405D52F320184FBD00A70E16 /* HomeVC.swift */,
				40AD75A720198B58009EB321 /* TaskVC.swift */,
				40AD75AB2019905E009EB321 /* AddTaskVC.swift */,
				40AD75AD20199186009EB321 /* AllUsersVC.swift */,
				4023E996201A9B3000905DFF /* TaskDetailsVC.swift */,
				0F7692962019A43C0093F417 /* SettingVC.swift */,
				40AD759D2019476D009EB321 /* VCCells.swift */,
				0F0E19F7201BD6F400FA43C6 /* ChangeProfileViewController.swift */,
			);
			path = "View Controllers";
			sourceTree = "<group>";
		};
		405D52F020184F9B00A70E16 /* Model */ = {
			isa = PBXGroup;
			children = (
				405D52F820184FDC00A70E16 /* User.swift */,
				40AD75A120197076009EB321 /* Project.swift */,
				40AD75A320197081009EB321 /* Task.swift */,
			);
			path = Model;
			sourceTree = "<group>";
		};
		405D52F120184FA000A70E16 /* Helper */ = {
			isa = PBXGroup;
			children = (
				405D52FA20184FE700A70E16 /* Helper.swift */,
				0F581B8B2018554400794CF2 /* AccessFirebase.swift */,
			);
			path = Helper;
			sourceTree = "<group>";
		};
		845AA5661414091917376B57 /* Pods */ = {
			isa = PBXGroup;
			children = (
				3DDF861AE81C8FD308E1D3D6 /* Pods-ProMate.debug.xcconfig */,
				9EE909901BD23A17ACAFB91E /* Pods-ProMate.release.xcconfig */,
				ABBFB23A94EC653913EEBDCA /* Pods-ProMateTests.debug.xcconfig */,
				209E69D4F35E718F71F76517 /* Pods-ProMateTests.release.xcconfig */,
				D318FF59C7C9B39F40BA3DA8 /* Pods-ProMateUITests.debug.xcconfig */,
				91F50134E336B2A279F9D93B /* Pods-ProMateUITests.release.xcconfig */,
			);
			name = Pods;
			sourceTree = "<group>";
		};
/* End PBXGroup section */

/* Begin PBXNativeTarget section */
		405D52BD20184EA300A70E16 /* ProMate */ = {
			isa = PBXNativeTarget;
			buildConfigurationList = 405D52E620184EA300A70E16 /* Build configuration list for PBXNativeTarget "ProMate" */;
			buildPhases = (
				932BEF57B26FE55243290C56 /* [CP] Check Pods Manifest.lock */,
				405D52BA20184EA300A70E16 /* Sources */,
				405D52BB20184EA300A70E16 /* Frameworks */,
				405D52BC20184EA300A70E16 /* Resources */,
				7AD0995DEAFD89665A248697 /* [CP] Embed Pods Frameworks */,
				76AA7D1F7853790A0B07703D /* [CP] Copy Pods Resources */,
				4023E995201A676600905DFF /* ShellScript */,
			);
			buildRules = (
			);
			dependencies = (
			);
			name = ProMate;
			productName = ProMate;
			productReference = 405D52BE20184EA300A70E16 /* ProMate.app */;
			productType = "com.apple.product-type.application";
		};
		405D52D120184EA300A70E16 /* ProMateTests */ = {
			isa = PBXNativeTarget;
			buildConfigurationList = 405D52E920184EA300A70E16 /* Build configuration list for PBXNativeTarget "ProMateTests" */;
			buildPhases = (
				68DC0FD790E7C69ED6F2CA25 /* [CP] Check Pods Manifest.lock */,
				405D52CE20184EA300A70E16 /* Sources */,
				405D52CF20184EA300A70E16 /* Frameworks */,
				405D52D020184EA300A70E16 /* Resources */,
				DC22CA2C10A245335C393DCF /* [CP] Embed Pods Frameworks */,
				15C1F6E458AAF9404B0B7539 /* [CP] Copy Pods Resources */,
			);
			buildRules = (
			);
			dependencies = (
				405D52D420184EA300A70E16 /* PBXTargetDependency */,
			);
			name = ProMateTests;
			productName = ProMateTests;
			productReference = 405D52D220184EA300A70E16 /* ProMateTests.xctest */;
			productType = "com.apple.product-type.bundle.unit-test";
		};
		405D52DC20184EA300A70E16 /* ProMateUITests */ = {
			isa = PBXNativeTarget;
			buildConfigurationList = 405D52EC20184EA300A70E16 /* Build configuration list for PBXNativeTarget "ProMateUITests" */;
			buildPhases = (
				8B80EFF74100124D234EF7D3 /* [CP] Check Pods Manifest.lock */,
				405D52D920184EA300A70E16 /* Sources */,
				405D52DA20184EA300A70E16 /* Frameworks */,
				405D52DB20184EA300A70E16 /* Resources */,
				7A07572BC7F0EE25F0A85807 /* [CP] Embed Pods Frameworks */,
				800BA3CE55E04191E30684B5 /* [CP] Copy Pods Resources */,
			);
			buildRules = (
			);
			dependencies = (
				405D52DF20184EA300A70E16 /* PBXTargetDependency */,
			);
			name = ProMateUITests;
			productName = ProMateUITests;
			productReference = 405D52DD20184EA300A70E16 /* ProMateUITests.xctest */;
			productType = "com.apple.product-type.bundle.ui-testing";
		};
/* End PBXNativeTarget section */

/* Begin PBXProject section */
		405D52B620184EA300A70E16 /* Project object */ = {
			isa = PBXProject;
			attributes = {
				LastSwiftUpdateCheck = 0920;
				LastUpgradeCheck = 0920;
				ORGANIZATIONNAME = "Wenqing Ye";
				TargetAttributes = {
					405D52BD20184EA300A70E16 = {
						CreatedOnToolsVersion = 9.2;
						ProvisioningStyle = Automatic;
					};
					405D52D120184EA300A70E16 = {
						CreatedOnToolsVersion = 9.2;
						ProvisioningStyle = Automatic;
						TestTargetID = 405D52BD20184EA300A70E16;
					};
					405D52DC20184EA300A70E16 = {
						CreatedOnToolsVersion = 9.2;
						ProvisioningStyle = Automatic;
						TestTargetID = 405D52BD20184EA300A70E16;
					};
				};
			};
			buildConfigurationList = 405D52B920184EA300A70E16 /* Build configuration list for PBXProject "ProMate" */;
			compatibilityVersion = "Xcode 8.0";
			developmentRegion = en;
			hasScannedForEncodings = 0;
			knownRegions = (
				en,
				Base,
			);
			mainGroup = 405D52B520184EA300A70E16;
			productRefGroup = 405D52BF20184EA300A70E16 /* Products */;
			projectDirPath = "";
			projectRoot = "";
			targets = (
				405D52BD20184EA300A70E16 /* ProMate */,
				405D52D120184EA300A70E16 /* ProMateTests */,
				405D52DC20184EA300A70E16 /* ProMateUITests */,
			);
		};
/* End PBXProject section */

/* Begin PBXResourcesBuildPhase section */
		405D52BC20184EA300A70E16 /* Resources */ = {
			isa = PBXResourcesBuildPhase;
			buildActionMask = 2147483647;
			files = (
				405D52CC20184EA300A70E16 /* LaunchScreen.storyboard in Resources */,
				405D52FD2018577D00A70E16 /* GoogleService-Info.plist in Resources */,
				405D52C920184EA300A70E16 /* Assets.xcassets in Resources */,
				405D52C720184EA300A70E16 /* Main.storyboard in Resources */,
			);
			runOnlyForDeploymentPostprocessing = 0;
		};
		405D52D020184EA300A70E16 /* Resources */ = {
			isa = PBXResourcesBuildPhase;
			buildActionMask = 2147483647;
			files = (
			);
			runOnlyForDeploymentPostprocessing = 0;
		};
		405D52DB20184EA300A70E16 /* Resources */ = {
			isa = PBXResourcesBuildPhase;
			buildActionMask = 2147483647;
			files = (
			);
			runOnlyForDeploymentPostprocessing = 0;
		};
/* End PBXResourcesBuildPhase section */

/* Begin PBXShellScriptBuildPhase section */
		15C1F6E458AAF9404B0B7539 /* [CP] Copy Pods Resources */ = {
			isa = PBXShellScriptBuildPhase;
			buildActionMask = 2147483647;
			files = (
			);
			inputPaths = (
			);
			name = "[CP] Copy Pods Resources";
			outputPaths = (
			);
			runOnlyForDeploymentPostprocessing = 0;
			shellPath = /bin/sh;
			shellScript = "\"${SRCROOT}/Pods/Target Support Files/Pods-ProMateTests/Pods-ProMateTests-resources.sh\"\n";
			showEnvVarsInLog = 0;
		};
		4023E995201A676600905DFF /* ShellScript */ = {
			isa = PBXShellScriptBuildPhase;
			buildActionMask = 2147483647;
			files = (
			);
			inputPaths = (
			);
			outputPaths = (
			);
			runOnlyForDeploymentPostprocessing = 0;
			shellPath = /bin/sh;
			shellScript = "\"${PODS_ROOT}/Fabric/run\"";
		};
		68DC0FD790E7C69ED6F2CA25 /* [CP] Check Pods Manifest.lock */ = {
			isa = PBXShellScriptBuildPhase;
			buildActionMask = 2147483647;
			files = (
			);
			inputPaths = (
				"${PODS_PODFILE_DIR_PATH}/Podfile.lock",
				"${PODS_ROOT}/Manifest.lock",
			);
			name = "[CP] Check Pods Manifest.lock";
			outputPaths = (
				"$(DERIVED_FILE_DIR)/Pods-ProMateTests-checkManifestLockResult.txt",
			);
			runOnlyForDeploymentPostprocessing = 0;
			shellPath = /bin/sh;
			shellScript = "diff \"${PODS_PODFILE_DIR_PATH}/Podfile.lock\" \"${PODS_ROOT}/Manifest.lock\" > /dev/null\nif [ $? != 0 ] ; then\n    # print error to STDERR\n    echo \"error: The sandbox is not in sync with the Podfile.lock. Run 'pod install' or update your CocoaPods installation.\" >&2\n    exit 1\nfi\n# This output is used by Xcode 'outputs' to avoid re-running this script phase.\necho \"SUCCESS\" > \"${SCRIPT_OUTPUT_FILE_0}\"\n";
			showEnvVarsInLog = 0;
		};
		76AA7D1F7853790A0B07703D /* [CP] Copy Pods Resources */ = {
			isa = PBXShellScriptBuildPhase;
			buildActionMask = 2147483647;
			files = (
			);
			inputPaths = (
				"${SRCROOT}/Pods/Target Support Files/Pods-ProMate/Pods-ProMate-resources.sh",
				"${PODS_ROOT}/GoogleSignIn/Resources/GoogleSignIn.bundle",
			);
			name = "[CP] Copy Pods Resources";
			outputPaths = (
				"${TARGET_BUILD_DIR}/${UNLOCALIZED_RESOURCES_FOLDER_PATH}",
			);
			runOnlyForDeploymentPostprocessing = 0;
			shellPath = /bin/sh;
			shellScript = "\"${SRCROOT}/Pods/Target Support Files/Pods-ProMate/Pods-ProMate-resources.sh\"\n";
			showEnvVarsInLog = 0;
		};
		7A07572BC7F0EE25F0A85807 /* [CP] Embed Pods Frameworks */ = {
			isa = PBXShellScriptBuildPhase;
			buildActionMask = 2147483647;
			files = (
			);
			inputPaths = (
			);
			name = "[CP] Embed Pods Frameworks";
			outputPaths = (
			);
			runOnlyForDeploymentPostprocessing = 0;
			shellPath = /bin/sh;
			shellScript = "\"${SRCROOT}/Pods/Target Support Files/Pods-ProMateUITests/Pods-ProMateUITests-frameworks.sh\"\n";
			showEnvVarsInLog = 0;
		};
		7AD0995DEAFD89665A248697 /* [CP] Embed Pods Frameworks */ = {
			isa = PBXShellScriptBuildPhase;
			buildActionMask = 2147483647;
			files = (
			);
			inputPaths = (
				"${SRCROOT}/Pods/Target Support Files/Pods-ProMate/Pods-ProMate-frameworks.sh",
				"${BUILT_PRODUCTS_DIR}/GTMOAuth2/GTMOAuth2.framework",
				"${BUILT_PRODUCTS_DIR}/GTMSessionFetcher/GTMSessionFetcher.framework",
				"${BUILT_PRODUCTS_DIR}/GoogleToolboxForMac/GoogleToolboxForMac.framework",
				"${BUILT_PRODUCTS_DIR}/Protobuf/Protobuf.framework",
				"${BUILT_PRODUCTS_DIR}/SDWebImage/SDWebImage.framework",
				"${BUILT_PRODUCTS_DIR}/SVProgressHUD/SVProgressHUD.framework",
				"${BUILT_PRODUCTS_DIR}/TWMessageBarManager/TWMessageBarManager.framework",
				"${BUILT_PRODUCTS_DIR}/leveldb-library/leveldb.framework",
				"${BUILT_PRODUCTS_DIR}/nanopb/nanopb.framework",
			);
			name = "[CP] Embed Pods Frameworks";
			outputPaths = (
				"${TARGET_BUILD_DIR}/${FRAMEWORKS_FOLDER_PATH}/GTMOAuth2.framework",
				"${TARGET_BUILD_DIR}/${FRAMEWORKS_FOLDER_PATH}/GTMSessionFetcher.framework",
				"${TARGET_BUILD_DIR}/${FRAMEWORKS_FOLDER_PATH}/GoogleToolboxForMac.framework",
				"${TARGET_BUILD_DIR}/${FRAMEWORKS_FOLDER_PATH}/Protobuf.framework",
				"${TARGET_BUILD_DIR}/${FRAMEWORKS_FOLDER_PATH}/SDWebImage.framework",
				"${TARGET_BUILD_DIR}/${FRAMEWORKS_FOLDER_PATH}/SVProgressHUD.framework",
				"${TARGET_BUILD_DIR}/${FRAMEWORKS_FOLDER_PATH}/TWMessageBarManager.framework",
				"${TARGET_BUILD_DIR}/${FRAMEWORKS_FOLDER_PATH}/leveldb.framework",
				"${TARGET_BUILD_DIR}/${FRAMEWORKS_FOLDER_PATH}/nanopb.framework",
			);
			runOnlyForDeploymentPostprocessing = 0;
			shellPath = /bin/sh;
			shellScript = "\"${SRCROOT}/Pods/Target Support Files/Pods-ProMate/Pods-ProMate-frameworks.sh\"\n";
			showEnvVarsInLog = 0;
		};
		800BA3CE55E04191E30684B5 /* [CP] Copy Pods Resources */ = {
			isa = PBXShellScriptBuildPhase;
			buildActionMask = 2147483647;
			files = (
			);
			inputPaths = (
			);
			name = "[CP] Copy Pods Resources";
			outputPaths = (
			);
			runOnlyForDeploymentPostprocessing = 0;
			shellPath = /bin/sh;
			shellScript = "\"${SRCROOT}/Pods/Target Support Files/Pods-ProMateUITests/Pods-ProMateUITests-resources.sh\"\n";
			showEnvVarsInLog = 0;
		};
		8B80EFF74100124D234EF7D3 /* [CP] Check Pods Manifest.lock */ = {
			isa = PBXShellScriptBuildPhase;
			buildActionMask = 2147483647;
			files = (
			);
			inputPaths = (
				"${PODS_PODFILE_DIR_PATH}/Podfile.lock",
				"${PODS_ROOT}/Manifest.lock",
			);
			name = "[CP] Check Pods Manifest.lock";
			outputPaths = (
				"$(DERIVED_FILE_DIR)/Pods-ProMateUITests-checkManifestLockResult.txt",
			);
			runOnlyForDeploymentPostprocessing = 0;
			shellPath = /bin/sh;
			shellScript = "diff \"${PODS_PODFILE_DIR_PATH}/Podfile.lock\" \"${PODS_ROOT}/Manifest.lock\" > /dev/null\nif [ $? != 0 ] ; then\n    # print error to STDERR\n    echo \"error: The sandbox is not in sync with the Podfile.lock. Run 'pod install' or update your CocoaPods installation.\" >&2\n    exit 1\nfi\n# This output is used by Xcode 'outputs' to avoid re-running this script phase.\necho \"SUCCESS\" > \"${SCRIPT_OUTPUT_FILE_0}\"\n";
			showEnvVarsInLog = 0;
		};
		932BEF57B26FE55243290C56 /* [CP] Check Pods Manifest.lock */ = {
			isa = PBXShellScriptBuildPhase;
			buildActionMask = 2147483647;
			files = (
			);
			inputPaths = (
				"${PODS_PODFILE_DIR_PATH}/Podfile.lock",
				"${PODS_ROOT}/Manifest.lock",
			);
			name = "[CP] Check Pods Manifest.lock";
			outputPaths = (
				"$(DERIVED_FILE_DIR)/Pods-ProMate-checkManifestLockResult.txt",
			);
			runOnlyForDeploymentPostprocessing = 0;
			shellPath = /bin/sh;
			shellScript = "diff \"${PODS_PODFILE_DIR_PATH}/Podfile.lock\" \"${PODS_ROOT}/Manifest.lock\" > /dev/null\nif [ $? != 0 ] ; then\n    # print error to STDERR\n    echo \"error: The sandbox is not in sync with the Podfile.lock. Run 'pod install' or update your CocoaPods installation.\" >&2\n    exit 1\nfi\n# This output is used by Xcode 'outputs' to avoid re-running this script phase.\necho \"SUCCESS\" > \"${SCRIPT_OUTPUT_FILE_0}\"\n";
			showEnvVarsInLog = 0;
		};
		DC22CA2C10A245335C393DCF /* [CP] Embed Pods Frameworks */ = {
			isa = PBXShellScriptBuildPhase;
			buildActionMask = 2147483647;
			files = (
			);
			inputPaths = (
			);
			name = "[CP] Embed Pods Frameworks";
			outputPaths = (
			);
			runOnlyForDeploymentPostprocessing = 0;
			shellPath = /bin/sh;
			shellScript = "\"${SRCROOT}/Pods/Target Support Files/Pods-ProMateTests/Pods-ProMateTests-frameworks.sh\"\n";
			showEnvVarsInLog = 0;
		};
/* End PBXShellScriptBuildPhase section */

/* Begin PBXSourcesBuildPhase section */
		405D52BA20184EA300A70E16 /* Sources */ = {
			isa = PBXSourcesBuildPhase;
			buildActionMask = 2147483647;
			files = (
				4023E997201A9B3000905DFF /* TaskDetailsVC.swift in Sources */,
				405D52F520184FBE00A70E16 /* SignupVC.swift in Sources */,
				0F7692972019A43C0093F417 /* SettingVC.swift in Sources */,
				0F581B8C2018554400794CF2 /* AccessFirebase.swift in Sources */,
				405D52F620184FBE00A70E16 /* HomeVC.swift in Sources */,
				0F0E19F8201BD6F400FA43C6 /* ChangeProfileViewController.swift in Sources */,
				40AD75A820198B58009EB321 /* TaskVC.swift in Sources */,
				40AD75A220197076009EB321 /* Project.swift in Sources */,
				40AD75A420197081009EB321 /* Task.swift in Sources */,
				405D52C220184EA300A70E16 /* AppDelegate.swift in Sources */,
				40AD759E2019476D009EB321 /* VCCells.swift in Sources */,
				40AD75AC2019905E009EB321 /* AddTaskVC.swift in Sources */,
				405D52F920184FDC00A70E16 /* User.swift in Sources */,
				405D52F720184FBE00A70E16 /* LoginVC.swift in Sources */,
				40AD75AE20199186009EB321 /* AllUsersVC.swift in Sources */,
				405D52FB20184FE700A70E16 /* Helper.swift in Sources */,
			);
			runOnlyForDeploymentPostprocessing = 0;
		};
		405D52CE20184EA300A70E16 /* Sources */ = {
			isa = PBXSourcesBuildPhase;
			buildActionMask = 2147483647;
			files = (
				405D52D720184EA300A70E16 /* ProMateTests.swift in Sources */,
			);
			runOnlyForDeploymentPostprocessing = 0;
		};
		405D52D920184EA300A70E16 /* Sources */ = {
			isa = PBXSourcesBuildPhase;
			buildActionMask = 2147483647;
			files = (
				405D52E220184EA300A70E16 /* ProMateUITests.swift in Sources */,
			);
			runOnlyForDeploymentPostprocessing = 0;
		};
/* End PBXSourcesBuildPhase section */

/* Begin PBXTargetDependency section */
		405D52D420184EA300A70E16 /* PBXTargetDependency */ = {
			isa = PBXTargetDependency;
			target = 405D52BD20184EA300A70E16 /* ProMate */;
			targetProxy = 405D52D320184EA300A70E16 /* PBXContainerItemProxy */;
		};
		405D52DF20184EA300A70E16 /* PBXTargetDependency */ = {
			isa = PBXTargetDependency;
			target = 405D52BD20184EA300A70E16 /* ProMate */;
			targetProxy = 405D52DE20184EA300A70E16 /* PBXContainerItemProxy */;
		};
/* End PBXTargetDependency section */

/* Begin PBXVariantGroup section */
		405D52C520184EA300A70E16 /* Main.storyboard */ = {
			isa = PBXVariantGroup;
			children = (
				405D52C620184EA300A70E16 /* Base */,
			);
			name = Main.storyboard;
			sourceTree = "<group>";
		};
		405D52CA20184EA300A70E16 /* LaunchScreen.storyboard */ = {
			isa = PBXVariantGroup;
			children = (
				405D52CB20184EA300A70E16 /* Base */,
			);
			name = LaunchScreen.storyboard;
			sourceTree = "<group>";
		};
/* End PBXVariantGroup section */

/* Begin XCBuildConfiguration section */
		405D52E420184EA300A70E16 /* Debug */ = {
			isa = XCBuildConfiguration;
			buildSettings = {
				ALWAYS_SEARCH_USER_PATHS = NO;
				CLANG_ANALYZER_NONNULL = YES;
				CLANG_ANALYZER_NUMBER_OBJECT_CONVERSION = YES_AGGRESSIVE;
				CLANG_CXX_LANGUAGE_STANDARD = "gnu++14";
				CLANG_CXX_LIBRARY = "libc++";
				CLANG_ENABLE_MODULES = YES;
				CLANG_ENABLE_OBJC_ARC = YES;
				CLANG_WARN_BLOCK_CAPTURE_AUTORELEASING = YES;
				CLANG_WARN_BOOL_CONVERSION = YES;
				CLANG_WARN_COMMA = YES;
				CLANG_WARN_CONSTANT_CONVERSION = YES;
				CLANG_WARN_DIRECT_OBJC_ISA_USAGE = YES_ERROR;
				CLANG_WARN_DOCUMENTATION_COMMENTS = YES;
				CLANG_WARN_EMPTY_BODY = YES;
				CLANG_WARN_ENUM_CONVERSION = YES;
				CLANG_WARN_INFINITE_RECURSION = YES;
				CLANG_WARN_INT_CONVERSION = YES;
				CLANG_WARN_NON_LITERAL_NULL_CONVERSION = YES;
				CLANG_WARN_OBJC_LITERAL_CONVERSION = YES;
				CLANG_WARN_OBJC_ROOT_CLASS = YES_ERROR;
				CLANG_WARN_RANGE_LOOP_ANALYSIS = YES;
				CLANG_WARN_STRICT_PROTOTYPES = YES;
				CLANG_WARN_SUSPICIOUS_MOVE = YES;
				CLANG_WARN_UNGUARDED_AVAILABILITY = YES_AGGRESSIVE;
				CLANG_WARN_UNREACHABLE_CODE = YES;
				CLANG_WARN__DUPLICATE_METHOD_MATCH = YES;
				CODE_SIGN_IDENTITY = "iPhone Developer";
				COPY_PHASE_STRIP = NO;
				DEBUG_INFORMATION_FORMAT = dwarf;
				ENABLE_STRICT_OBJC_MSGSEND = YES;
				ENABLE_TESTABILITY = YES;
				GCC_C_LANGUAGE_STANDARD = gnu11;
				GCC_DYNAMIC_NO_PIC = NO;
				GCC_NO_COMMON_BLOCKS = YES;
				GCC_OPTIMIZATION_LEVEL = 0;
				GCC_PREPROCESSOR_DEFINITIONS = (
					"DEBUG=1",
					"$(inherited)",
				);
				GCC_WARN_64_TO_32_BIT_CONVERSION = YES;
				GCC_WARN_ABOUT_RETURN_TYPE = YES_ERROR;
				GCC_WARN_UNDECLARED_SELECTOR = YES;
				GCC_WARN_UNINITIALIZED_AUTOS = YES_AGGRESSIVE;
				GCC_WARN_UNUSED_FUNCTION = YES;
				GCC_WARN_UNUSED_VARIABLE = YES;
				IPHONEOS_DEPLOYMENT_TARGET = 11.2;
				MTL_ENABLE_DEBUG_INFO = YES;
				ONLY_ACTIVE_ARCH = YES;
				SDKROOT = iphoneos;
				SWIFT_ACTIVE_COMPILATION_CONDITIONS = DEBUG;
				SWIFT_OPTIMIZATION_LEVEL = "-Onone";
			};
			name = Debug;
		};
		405D52E520184EA300A70E16 /* Release */ = {
			isa = XCBuildConfiguration;
			buildSettings = {
				ALWAYS_SEARCH_USER_PATHS = NO;
				CLANG_ANALYZER_NONNULL = YES;
				CLANG_ANALYZER_NUMBER_OBJECT_CONVERSION = YES_AGGRESSIVE;
				CLANG_CXX_LANGUAGE_STANDARD = "gnu++14";
				CLANG_CXX_LIBRARY = "libc++";
				CLANG_ENABLE_MODULES = YES;
				CLANG_ENABLE_OBJC_ARC = YES;
				CLANG_WARN_BLOCK_CAPTURE_AUTORELEASING = YES;
				CLANG_WARN_BOOL_CONVERSION = YES;
				CLANG_WARN_COMMA = YES;
				CLANG_WARN_CONSTANT_CONVERSION = YES;
				CLANG_WARN_DIRECT_OBJC_ISA_USAGE = YES_ERROR;
				CLANG_WARN_DOCUMENTATION_COMMENTS = YES;
				CLANG_WARN_EMPTY_BODY = YES;
				CLANG_WARN_ENUM_CONVERSION = YES;
				CLANG_WARN_INFINITE_RECURSION = YES;
				CLANG_WARN_INT_CONVERSION = YES;
				CLANG_WARN_NON_LITERAL_NULL_CONVERSION = YES;
				CLANG_WARN_OBJC_LITERAL_CONVERSION = YES;
				CLANG_WARN_OBJC_ROOT_CLASS = YES_ERROR;
				CLANG_WARN_RANGE_LOOP_ANALYSIS = YES;
				CLANG_WARN_STRICT_PROTOTYPES = YES;
				CLANG_WARN_SUSPICIOUS_MOVE = YES;
				CLANG_WARN_UNGUARDED_AVAILABILITY = YES_AGGRESSIVE;
				CLANG_WARN_UNREACHABLE_CODE = YES;
				CLANG_WARN__DUPLICATE_METHOD_MATCH = YES;
				CODE_SIGN_IDENTITY = "iPhone Developer";
				COPY_PHASE_STRIP = NO;
				DEBUG_INFORMATION_FORMAT = "dwarf-with-dsym";
				ENABLE_NS_ASSERTIONS = NO;
				ENABLE_STRICT_OBJC_MSGSEND = YES;
				GCC_C_LANGUAGE_STANDARD = gnu11;
				GCC_NO_COMMON_BLOCKS = YES;
				GCC_WARN_64_TO_32_BIT_CONVERSION = YES;
				GCC_WARN_ABOUT_RETURN_TYPE = YES_ERROR;
				GCC_WARN_UNDECLARED_SELECTOR = YES;
				GCC_WARN_UNINITIALIZED_AUTOS = YES_AGGRESSIVE;
				GCC_WARN_UNUSED_FUNCTION = YES;
				GCC_WARN_UNUSED_VARIABLE = YES;
				IPHONEOS_DEPLOYMENT_TARGET = 11.2;
				MTL_ENABLE_DEBUG_INFO = NO;
				SDKROOT = iphoneos;
				SWIFT_OPTIMIZATION_LEVEL = "-Owholemodule";
				VALIDATE_PRODUCT = YES;
			};
			name = Release;
		};
		405D52E720184EA300A70E16 /* Debug */ = {
			isa = XCBuildConfiguration;
			baseConfigurationReference = 3DDF861AE81C8FD308E1D3D6 /* Pods-ProMate.debug.xcconfig */;
			buildSettings = {
				ASSETCATALOG_COMPILER_APPICON_NAME = AppIcon;
				CODE_SIGN_STYLE = Automatic;
				DEVELOPMENT_TEAM = RQAE768Z9N;
				INFOPLIST_FILE = ProMate/Info.plist;
				IPHONEOS_DEPLOYMENT_TARGET = 10.0;
				LD_RUNPATH_SEARCH_PATHS = "$(inherited) @executable_path/Frameworks";
				PRODUCT_BUNDLE_IDENTIFIER = com.jessieye.ProMate;
				PRODUCT_NAME = "$(TARGET_NAME)";
				SWIFT_VERSION = 4.0;
				TARGETED_DEVICE_FAMILY = "1,2";
			};
			name = Debug;
		};
		405D52E820184EA300A70E16 /* Release */ = {
			isa = XCBuildConfiguration;
			baseConfigurationReference = 9EE909901BD23A17ACAFB91E /* Pods-ProMate.release.xcconfig */;
			buildSettings = {
				ASSETCATALOG_COMPILER_APPICON_NAME = AppIcon;
				CODE_SIGN_STYLE = Automatic;
				DEVELOPMENT_TEAM = RQAE768Z9N;
				INFOPLIST_FILE = ProMate/Info.plist;
				IPHONEOS_DEPLOYMENT_TARGET = 10.0;
				LD_RUNPATH_SEARCH_PATHS = "$(inherited) @executable_path/Frameworks";
				PRODUCT_BUNDLE_IDENTIFIER = com.jessieye.ProMate;
				PRODUCT_NAME = "$(TARGET_NAME)";
				SWIFT_VERSION = 4.0;
				TARGETED_DEVICE_FAMILY = "1,2";
			};
			name = Release;
		};
		405D52EA20184EA300A70E16 /* Debug */ = {
			isa = XCBuildConfiguration;
			baseConfigurationReference = ABBFB23A94EC653913EEBDCA /* Pods-ProMateTests.debug.xcconfig */;
			buildSettings = {
				ALWAYS_EMBED_SWIFT_STANDARD_LIBRARIES = YES;
				BUNDLE_LOADER = "$(TEST_HOST)";
				CODE_SIGN_STYLE = Automatic;
				DEVELOPMENT_TEAM = V4LFK8S352;
				INFOPLIST_FILE = ProMateTests/Info.plist;
				LD_RUNPATH_SEARCH_PATHS = "$(inherited) @executable_path/Frameworks @loader_path/Frameworks";
				PRODUCT_BUNDLE_IDENTIFIER = com.jessieye.ProMateTests;
				PRODUCT_NAME = "$(TARGET_NAME)";
				SWIFT_VERSION = 4.0;
				TARGETED_DEVICE_FAMILY = "1,2";
				TEST_HOST = "$(BUILT_PRODUCTS_DIR)/ProMate.app/ProMate";
			};
			name = Debug;
		};
		405D52EB20184EA300A70E16 /* Release */ = {
			isa = XCBuildConfiguration;
			baseConfigurationReference = 209E69D4F35E718F71F76517 /* Pods-ProMateTests.release.xcconfig */;
			buildSettings = {
				ALWAYS_EMBED_SWIFT_STANDARD_LIBRARIES = YES;
				BUNDLE_LOADER = "$(TEST_HOST)";
				CODE_SIGN_STYLE = Automatic;
				DEVELOPMENT_TEAM = V4LFK8S352;
				INFOPLIST_FILE = ProMateTests/Info.plist;
				LD_RUNPATH_SEARCH_PATHS = "$(inherited) @executable_path/Frameworks @loader_path/Frameworks";
				PRODUCT_BUNDLE_IDENTIFIER = com.jessieye.ProMateTests;
				PRODUCT_NAME = "$(TARGET_NAME)";
				SWIFT_VERSION = 4.0;
				TARGETED_DEVICE_FAMILY = "1,2";
				TEST_HOST = "$(BUILT_PRODUCTS_DIR)/ProMate.app/ProMate";
			};
			name = Release;
		};
		405D52ED20184EA300A70E16 /* Debug */ = {
			isa = XCBuildConfiguration;
			baseConfigurationReference = D318FF59C7C9B39F40BA3DA8 /* Pods-ProMateUITests.debug.xcconfig */;
			buildSettings = {
				ALWAYS_EMBED_SWIFT_STANDARD_LIBRARIES = YES;
				CODE_SIGN_STYLE = Automatic;
				DEVELOPMENT_TEAM = V4LFK8S352;
				INFOPLIST_FILE = ProMateUITests/Info.plist;
				LD_RUNPATH_SEARCH_PATHS = "$(inherited) @executable_path/Frameworks @loader_path/Frameworks";
				PRODUCT_BUNDLE_IDENTIFIER = com.jessieye.ProMateUITests;
				PRODUCT_NAME = "$(TARGET_NAME)";
				SWIFT_VERSION = 4.0;
				TARGETED_DEVICE_FAMILY = "1,2";
				TEST_TARGET_NAME = ProMate;
			};
			name = Debug;
		};
		405D52EE20184EA300A70E16 /* Release */ = {
			isa = XCBuildConfiguration;
			baseConfigurationReference = 91F50134E336B2A279F9D93B /* Pods-ProMateUITests.release.xcconfig */;
			buildSettings = {
				ALWAYS_EMBED_SWIFT_STANDARD_LIBRARIES = YES;
				CODE_SIGN_STYLE = Automatic;
				DEVELOPMENT_TEAM = V4LFK8S352;
				INFOPLIST_FILE = ProMateUITests/Info.plist;
				LD_RUNPATH_SEARCH_PATHS = "$(inherited) @executable_path/Frameworks @loader_path/Frameworks";
				PRODUCT_BUNDLE_IDENTIFIER = com.jessieye.ProMateUITests;
				PRODUCT_NAME = "$(TARGET_NAME)";
				SWIFT_VERSION = 4.0;
				TARGETED_DEVICE_FAMILY = "1,2";
				TEST_TARGET_NAME = ProMate;
			};
			name = Release;
		};
/* End XCBuildConfiguration section */

/* Begin XCConfigurationList section */
		405D52B920184EA300A70E16 /* Build configuration list for PBXProject "ProMate" */ = {
			isa = XCConfigurationList;
			buildConfigurations = (
				405D52E420184EA300A70E16 /* Debug */,
				405D52E520184EA300A70E16 /* Release */,
			);
			defaultConfigurationIsVisible = 0;
			defaultConfigurationName = Release;
		};
		405D52E620184EA300A70E16 /* Build configuration list for PBXNativeTarget "ProMate" */ = {
			isa = XCConfigurationList;
			buildConfigurations = (
				405D52E720184EA300A70E16 /* Debug */,
				405D52E820184EA300A70E16 /* Release */,
			);
			defaultConfigurationIsVisible = 0;
			defaultConfigurationName = Release;
		};
		405D52E920184EA300A70E16 /* Build configuration list for PBXNativeTarget "ProMateTests" */ = {
			isa = XCConfigurationList;
			buildConfigurations = (
				405D52EA20184EA300A70E16 /* Debug */,
				405D52EB20184EA300A70E16 /* Release */,
			);
			defaultConfigurationIsVisible = 0;
			defaultConfigurationName = Release;
		};
		405D52EC20184EA300A70E16 /* Build configuration list for PBXNativeTarget "ProMateUITests" */ = {
			isa = XCConfigurationList;
			buildConfigurations = (
				405D52ED20184EA300A70E16 /* Debug */,
				405D52EE20184EA300A70E16 /* Release */,
			);
			defaultConfigurationIsVisible = 0;
			defaultConfigurationName = Release;
		};
/* End XCConfigurationList section */
	};
	rootObject = 405D52B620184EA300A70E16 /* Project object */;
}
